// !$*UTF8*$!
{
	archiveVersion = 1;
	classes = {
	};
	objectVersion = 55;
	objects = {

/* Begin PBXBuildFile section */
		3F13F97827708DFE0002A5DF /* VnutriNasApp.swift in Sources */ = {isa = PBXBuildFile; fileRef = 3F13F97727708DFE0002A5DF /* VnutriNasApp.swift */; };
		3F13F97A27708DFE0002A5DF /* ContentView.swift in Sources */ = {isa = PBXBuildFile; fileRef = 3F13F97927708DFE0002A5DF /* ContentView.swift */; };
		3F13F97C27708DFF0002A5DF /* Assets.xcassets in Resources */ = {isa = PBXBuildFile; fileRef = 3F13F97B27708DFF0002A5DF /* Assets.xcassets */; };
		3F13F97F27708DFF0002A5DF /* Preview Assets.xcassets in Resources */ = {isa = PBXBuildFile; fileRef = 3F13F97E27708DFF0002A5DF /* Preview Assets.xcassets */; };
		3F13F98C27708E750002A5DF /* SignInView.swift in Sources */ = {isa = PBXBuildFile; fileRef = 3F13F98B27708E750002A5DF /* SignInView.swift */; };
		3F13F98F27708F270002A5DF /* Launch Screen.storyboard in Resources */ = {isa = PBXBuildFile; fileRef = 3F13F98E27708F270002A5DF /* Launch Screen.storyboard */; };
		3F13F991277090480002A5DF /* CustomTextField.swift in Sources */ = {isa = PBXBuildFile; fileRef = 3F13F990277090480002A5DF /* CustomTextField.swift */; };
		3F13F999277091470002A5DF /* Montserrat-ExtraBold.ttf in Resources */ = {isa = PBXBuildFile; fileRef = 3F13F993277091470002A5DF /* Montserrat-ExtraBold.ttf */; };
		3F13F99A277091470002A5DF /* Montserrat-Regular.ttf in Resources */ = {isa = PBXBuildFile; fileRef = 3F13F994277091470002A5DF /* Montserrat-Regular.ttf */; };
		3F13F99B277091470002A5DF /* Montserrat-SemiBold.ttf in Resources */ = {isa = PBXBuildFile; fileRef = 3F13F995277091470002A5DF /* Montserrat-SemiBold.ttf */; };
		3F13F99C277091470002A5DF /* Montserrat-Medium.ttf in Resources */ = {isa = PBXBuildFile; fileRef = 3F13F996277091470002A5DF /* Montserrat-Medium.ttf */; };
		3F13F99D277091470002A5DF /* Montserrat-Light.ttf in Resources */ = {isa = PBXBuildFile; fileRef = 3F13F997277091470002A5DF /* Montserrat-Light.ttf */; };
		3F13F99E277091470002A5DF /* Montserrat-Black.ttf in Resources */ = {isa = PBXBuildFile; fileRef = 3F13F998277091470002A5DF /* Montserrat-Black.ttf */; };
		3F13F9A12770918B0002A5DF /* Constant.swift in Sources */ = {isa = PBXBuildFile; fileRef = 3F13F9A02770918B0002A5DF /* Constant.swift */; };
		3F13F9A3277093FD0002A5DF /* SignUpView.swift in Sources */ = {isa = PBXBuildFile; fileRef = 3F13F9A2277093FD0002A5DF /* SignUpView.swift */; };
		3F13F9A6277095DB0002A5DF /* MainTabView.swift in Sources */ = {isa = PBXBuildFile; fileRef = 3F13F9A5277095DB0002A5DF /* MainTabView.swift */; };
		3F13F9A8277098700002A5DF /* MainMenuView.swift in Sources */ = {isa = PBXBuildFile; fileRef = 3F13F9A7277098700002A5DF /* MainMenuView.swift */; };
		3F13F9AB27709C210002A5DF /* ItemModel.swift in Sources */ = {isa = PBXBuildFile; fileRef = 3F13F9AA27709C210002A5DF /* ItemModel.swift */; };
		3F13F9AE27709DAC0002A5DF /* SettingsView.swift in Sources */ = {isa = PBXBuildFile; fileRef = 3F13F9AD27709DAC0002A5DF /* SettingsView.swift */; };
		3F13F9B02770A5FF0002A5DF /* AccountView.swift in Sources */ = {isa = PBXBuildFile; fileRef = 3F13F9AF2770A5FF0002A5DF /* AccountView.swift */; };
/* End PBXBuildFile section */

/* Begin PBXFileReference section */
		3F13F97427708DFE0002A5DF /* VnutriNas.app */ = {isa = PBXFileReference; explicitFileType = wrapper.application; includeInIndex = 0; path = VnutriNas.app; sourceTree = BUILT_PRODUCTS_DIR; };
		3F13F97727708DFE0002A5DF /* VnutriNasApp.swift */ = {isa = PBXFileReference; lastKnownFileType = sourcecode.swift; path = VnutriNasApp.swift; sourceTree = "<group>"; };
		3F13F97927708DFE0002A5DF /* ContentView.swift */ = {isa = PBXFileReference; lastKnownFileType = sourcecode.swift; path = ContentView.swift; sourceTree = "<group>"; };
		3F13F97B27708DFF0002A5DF /* Assets.xcassets */ = {isa = PBXFileReference; lastKnownFileType = folder.assetcatalog; path = Assets.xcassets; sourceTree = "<group>"; };
		3F13F97E27708DFF0002A5DF /* Preview Assets.xcassets */ = {isa = PBXFileReference; lastKnownFileType = folder.assetcatalog; path = "Preview Assets.xcassets"; sourceTree = "<group>"; };
		3F13F98B27708E750002A5DF /* SignInView.swift */ = {isa = PBXFileReference; lastKnownFileType = sourcecode.swift; path = SignInView.swift; sourceTree = "<group>"; };
		3F13F98E27708F270002A5DF /* Launch Screen.storyboard */ = {isa = PBXFileReference; lastKnownFileType = file.storyboard; path = "Launch Screen.storyboard"; sourceTree = "<group>"; };
		3F13F990277090480002A5DF /* CustomTextField.swift */ = {isa = PBXFileReference; lastKnownFileType = sourcecode.swift; path = CustomTextField.swift; sourceTree = "<group>"; };
		3F13F993277091470002A5DF /* Montserrat-ExtraBold.ttf */ = {isa = PBXFileReference; lastKnownFileType = file; path = "Montserrat-ExtraBold.ttf"; sourceTree = "<group>"; };
		3F13F994277091470002A5DF /* Montserrat-Regular.ttf */ = {isa = PBXFileReference; lastKnownFileType = file; path = "Montserrat-Regular.ttf"; sourceTree = "<group>"; };
		3F13F995277091470002A5DF /* Montserrat-SemiBold.ttf */ = {isa = PBXFileReference; lastKnownFileType = file; path = "Montserrat-SemiBold.ttf"; sourceTree = "<group>"; };
		3F13F996277091470002A5DF /* Montserrat-Medium.ttf */ = {isa = PBXFileReference; lastKnownFileType = file; path = "Montserrat-Medium.ttf"; sourceTree = "<group>"; };
		3F13F997277091470002A5DF /* Montserrat-Light.ttf */ = {isa = PBXFileReference; lastKnownFileType = file; path = "Montserrat-Light.ttf"; sourceTree = "<group>"; };
		3F13F998277091470002A5DF /* Montserrat-Black.ttf */ = {isa = PBXFileReference; lastKnownFileType = file; path = "Montserrat-Black.ttf"; sourceTree = "<group>"; };
		3F13F99F277091610002A5DF /* Info.plist */ = {isa = PBXFileReference; lastKnownFileType = text.plist; path = Info.plist; sourceTree = "<group>"; };
		3F13F9A02770918B0002A5DF /* Constant.swift */ = {isa = PBXFileReference; lastKnownFileType = sourcecode.swift; path = Constant.swift; sourceTree = "<group>"; };
		3F13F9A2277093FD0002A5DF /* SignUpView.swift */ = {isa = PBXFileReference; lastKnownFileType = sourcecode.swift; path = SignUpView.swift; sourceTree = "<group>"; };
		3F13F9A5277095DB0002A5DF /* MainTabView.swift */ = {isa = PBXFileReference; lastKnownFileType = sourcecode.swift; path = MainTabView.swift; sourceTree = "<group>"; };
		3F13F9A7277098700002A5DF /* MainMenuView.swift */ = {isa = PBXFileReference; lastKnownFileType = sourcecode.swift; path = MainMenuView.swift; sourceTree = "<group>"; };
		3F13F9AA27709C210002A5DF /* ItemModel.swift */ = {isa = PBXFileReference; lastKnownFileType = sourcecode.swift; path = ItemModel.swift; sourceTree = "<group>"; };
		3F13F9AD27709DAC0002A5DF /* SettingsView.swift */ = {isa = PBXFileReference; lastKnownFileType = sourcecode.swift; path = SettingsView.swift; sourceTree = "<group>"; };
		3F13F9AF2770A5FF0002A5DF /* AccountView.swift */ = {isa = PBXFileReference; lastKnownFileType = sourcecode.swift; path = AccountView.swift; sourceTree = "<group>"; };
/* End PBXFileReference section */

/* Begin PBXFrameworksBuildPhase section */
		3F13F97127708DFE0002A5DF /* Frameworks */ = {
			isa = PBXFrameworksBuildPhase;
			buildActionMask = 2147483647;
			files = (
			);
			runOnlyForDeploymentPostprocessing = 0;
		};
/* End PBXFrameworksBuildPhase section */

/* Begin PBXGroup section */
		3F13F96B27708DFE0002A5DF = {
			isa = PBXGroup;
			children = (
				3F13F97627708DFE0002A5DF /* VnutriNas */,
				3F13F97527708DFE0002A5DF /* Products */,
			);
			sourceTree = "<group>";
		};
		3F13F97527708DFE0002A5DF /* Products */ = {
			isa = PBXGroup;
			children = (
				3F13F97427708DFE0002A5DF /* VnutriNas.app */,
			);
			name = Products;
			sourceTree = "<group>";
		};
		3F13F97627708DFE0002A5DF /* VnutriNas */ = {
			isa = PBXGroup;
			children = (
				3F13F99F277091610002A5DF /* Info.plist */,
				3F13F98827708E250002A5DF /* Common */,
				3F13F98727708E100002A5DF /* ViewModel */,
				3F13F98627708E0D0002A5DF /* View */,
				3F13F98527708E090002A5DF /* Model */,
				3F13F97D27708DFF0002A5DF /* Preview Content */,
			);
			path = VnutriNas;
			sourceTree = "<group>";
		};
		3F13F97D27708DFF0002A5DF /* Preview Content */ = {
			isa = PBXGroup;
			children = (
				3F13F97E27708DFF0002A5DF /* Preview Assets.xcassets */,
			);
			path = "Preview Content";
			sourceTree = "<group>";
		};
		3F13F98527708E090002A5DF /* Model */ = {
			isa = PBXGroup;
			children = (
				3F13F9AA27709C210002A5DF /* ItemModel.swift */,
			);
			path = Model;
			sourceTree = "<group>";
		};
		3F13F98627708E0D0002A5DF /* View */ = {
			isa = PBXGroup;
			children = (
				3F13F9AC27709DA30002A5DF /* Settings */,
				3F13F9A9277098730002A5DF /* Menu */,
				3F13F9A4277095CE0002A5DF /* Tabs */,
				3F13F98D27708E780002A5DF /* Login */,
			);
			path = View;
			sourceTree = "<group>";
		};
		3F13F98727708E100002A5DF /* ViewModel */ = {
			isa = PBXGroup;
			children = (
			);
			path = ViewModel;
			sourceTree = "<group>";
		};
		3F13F98827708E250002A5DF /* Common */ = {
			isa = PBXGroup;
			children = (
				3F13F9922770913F0002A5DF /* Fonts */,
				3F13F98E27708F270002A5DF /* Launch Screen.storyboard */,
				3F13F97B27708DFF0002A5DF /* Assets.xcassets */,
				3F13F97927708DFE0002A5DF /* ContentView.swift */,
				3F13F97727708DFE0002A5DF /* VnutriNasApp.swift */,
				3F13F9A02770918B0002A5DF /* Constant.swift */,
			);
			path = Common;
			sourceTree = "<group>";
		};
		3F13F98D27708E780002A5DF /* Login */ = {
			isa = PBXGroup;
			children = (
				3F13F98B27708E750002A5DF /* SignInView.swift */,
				3F13F990277090480002A5DF /* CustomTextField.swift */,
				3F13F9A2277093FD0002A5DF /* SignUpView.swift */,
			);
			path = Login;
			sourceTree = "<group>";
		};
		3F13F9922770913F0002A5DF /* Fonts */ = {
			isa = PBXGroup;
			children = (
				3F13F998277091470002A5DF /* Montserrat-Black.ttf */,
				3F13F993277091470002A5DF /* Montserrat-ExtraBold.ttf */,
				3F13F997277091470002A5DF /* Montserrat-Light.ttf */,
				3F13F996277091470002A5DF /* Montserrat-Medium.ttf */,
				3F13F994277091470002A5DF /* Montserrat-Regular.ttf */,
				3F13F995277091470002A5DF /* Montserrat-SemiBold.ttf */,
			);
			path = Fonts;
			sourceTree = "<group>";
		};
		3F13F9A4277095CE0002A5DF /* Tabs */ = {
			isa = PBXGroup;
			children = (
				3F13F9A5277095DB0002A5DF /* MainTabView.swift */,
			);
			path = Tabs;
			sourceTree = "<group>";
		};
		3F13F9A9277098730002A5DF /* Menu */ = {
			isa = PBXGroup;
			children = (
				3F13F9A7277098700002A5DF /* MainMenuView.swift */,
			);
			path = Menu;
			sourceTree = "<group>";
		};
		3F13F9AC27709DA30002A5DF /* Settings */ = {
			isa = PBXGroup;
			children = (
				3F13F9AD27709DAC0002A5DF /* SettingsView.swift */,
				3F13F9AF2770A5FF0002A5DF /* AccountView.swift */,
			);
			path = Settings;
			sourceTree = "<group>";
		};
/* End PBXGroup section */

/* Begin PBXNativeTarget section */
		3F13F97327708DFE0002A5DF /* VnutriNas */ = {
			isa = PBXNativeTarget;
			buildConfigurationList = 3F13F98227708DFF0002A5DF /* Build configuration list for PBXNativeTarget "VnutriNas" */;
			buildPhases = (
				3F13F97027708DFE0002A5DF /* Sources */,
				3F13F97127708DFE0002A5DF /* Frameworks */,
				3F13F97227708DFE0002A5DF /* Resources */,
			);
			buildRules = (
			);
			dependencies = (
			);
			name = VnutriNas;
			productName = VnutriNas;
			productReference = 3F13F97427708DFE0002A5DF /* VnutriNas.app */;
			productType = "com.apple.product-type.application";
		};
/* End PBXNativeTarget section */

/* Begin PBXProject section */
		3F13F96C27708DFE0002A5DF /* Project object */ = {
			isa = PBXProject;
			attributes = {
				BuildIndependentTargetsInParallel = 1;
				LastSwiftUpdateCheck = 1310;
				LastUpgradeCheck = 1310;
				TargetAttributes = {
					3F13F97327708DFE0002A5DF = {
						CreatedOnToolsVersion = 13.1;
					};
				};
			};
			buildConfigurationList = 3F13F96F27708DFE0002A5DF /* Build configuration list for PBXProject "VnutriNas" */;
			compatibilityVersion = "Xcode 13.0";
			developmentRegion = en;
			hasScannedForEncodings = 0;
			knownRegions = (
				en,
				Base,
			);
			mainGroup = 3F13F96B27708DFE0002A5DF;
			productRefGroup = 3F13F97527708DFE0002A5DF /* Products */;
			projectDirPath = "";
			projectRoot = "";
			targets = (
				3F13F97327708DFE0002A5DF /* VnutriNas */,
			);
		};
/* End PBXProject section */

/* Begin PBXResourcesBuildPhase section */
		3F13F97227708DFE0002A5DF /* Resources */ = {
			isa = PBXResourcesBuildPhase;
			buildActionMask = 2147483647;
			files = (
				3F13F99B277091470002A5DF /* Montserrat-SemiBold.ttf in Resources */,
				3F13F98F27708F270002A5DF /* Launch Screen.storyboard in Resources */,
				3F13F999277091470002A5DF /* Montserrat-ExtraBold.ttf in Resources */,
				3F13F99C277091470002A5DF /* Montserrat-Medium.ttf in Resources */,
				3F13F99D277091470002A5DF /* Montserrat-Light.ttf in Resources */,
				3F13F97F27708DFF0002A5DF /* Preview Assets.xcassets in Resources */,
				3F13F99A277091470002A5DF /* Montserrat-Regular.ttf in Resources */,
				3F13F97C27708DFF0002A5DF /* Assets.xcassets in Resources */,
				3F13F99E277091470002A5DF /* Montserrat-Black.ttf in Resources */,
			);
			runOnlyForDeploymentPostprocessing = 0;
		};
/* End PBXResourcesBuildPhase section */

/* Begin PBXSourcesBuildPhase section */
		3F13F97027708DFE0002A5DF /* Sources */ = {
			isa = PBXSourcesBuildPhase;
			buildActionMask = 2147483647;
			files = (
				3F13F97A27708DFE0002A5DF /* ContentView.swift in Sources */,
				3F13F98C27708E750002A5DF /* SignInView.swift in Sources */,
				3F13F9A8277098700002A5DF /* MainMenuView.swift in Sources */,
				3F13F9AB27709C210002A5DF /* ItemModel.swift in Sources */,
				3F13F9B02770A5FF0002A5DF /* AccountView.swift in Sources */,
				3F13F97827708DFE0002A5DF /* VnutriNasApp.swift in Sources */,
				3F13F9AE27709DAC0002A5DF /* SettingsView.swift in Sources */,
				3F13F991277090480002A5DF /* CustomTextField.swift in Sources */,
				3F13F9A6277095DB0002A5DF /* MainTabView.swift in Sources */,
				3F13F9A3277093FD0002A5DF /* SignUpView.swift in Sources */,
				3F13F9A12770918B0002A5DF /* Constant.swift in Sources */,
			);
			runOnlyForDeploymentPostprocessing = 0;
		};
/* End PBXSourcesBuildPhase section */

/* Begin XCBuildConfiguration section */
		3F13F98027708DFF0002A5DF /* Debug */ = {
			isa = XCBuildConfiguration;
			buildSettings = {
				ALWAYS_SEARCH_USER_PATHS = NO;
				CLANG_ANALYZER_NONNULL = YES;
				CLANG_ANALYZER_NUMBER_OBJECT_CONVERSION = YES_AGGRESSIVE;
				CLANG_CXX_LANGUAGE_STANDARD = "gnu++17";
				CLANG_CXX_LIBRARY = "libc++";
				CLANG_ENABLE_MODULES = YES;
				CLANG_ENABLE_OBJC_ARC = YES;
				CLANG_ENABLE_OBJC_WEAK = YES;
				CLANG_WARN_BLOCK_CAPTURE_AUTORELEASING = YES;
				CLANG_WARN_BOOL_CONVERSION = YES;
				CLANG_WARN_COMMA = YES;
				CLANG_WARN_CONSTANT_CONVERSION = YES;
				CLANG_WARN_DEPRECATED_OBJC_IMPLEMENTATIONS = YES;
				CLANG_WARN_DIRECT_OBJC_ISA_USAGE = YES_ERROR;
				CLANG_WARN_DOCUMENTATION_COMMENTS = YES;
				CLANG_WARN_EMPTY_BODY = YES;
				CLANG_WARN_ENUM_CONVERSION = YES;
				CLANG_WARN_INFINITE_RECURSION = YES;
				CLANG_WARN_INT_CONVERSION = YES;
				CLANG_WARN_NON_LITERAL_NULL_CONVERSION = YES;
				CLANG_WARN_OBJC_IMPLICIT_RETAIN_SELF = YES;
				CLANG_WARN_OBJC_LITERAL_CONVERSION = YES;
				CLANG_WARN_OBJC_ROOT_CLASS = YES_ERROR;
				CLANG_WARN_QUOTED_INCLUDE_IN_FRAMEWORK_HEADER = YES;
				CLANG_WARN_RANGE_LOOP_ANALYSIS = YES;
				CLANG_WARN_STRICT_PROTOTYPES = YES;
				CLANG_WARN_SUSPICIOUS_MOVE = YES;
				CLANG_WARN_UNGUARDED_AVAILABILITY = YES_AGGRESSIVE;
				CLANG_WARN_UNREACHABLE_CODE = YES;
				CLANG_WARN__DUPLICATE_METHOD_MATCH = YES;
				COPY_PHASE_STRIP = NO;
				DEBUG_INFORMATION_FORMAT = dwarf;
				ENABLE_STRICT_OBJC_MSGSEND = YES;
				ENABLE_TESTABILITY = YES;
				GCC_C_LANGUAGE_STANDARD = gnu11;
				GCC_DYNAMIC_NO_PIC = NO;
				GCC_NO_COMMON_BLOCKS = YES;
				GCC_OPTIMIZATION_LEVEL = 0;
				GCC_PREPROCESSOR_DEFINITIONS = (
					"DEBUG=1",
					"$(inherited)",
				);
				GCC_WARN_64_TO_32_BIT_CONVERSION = YES;
				GCC_WARN_ABOUT_RETURN_TYPE = YES_ERROR;
				GCC_WARN_UNDECLARED_SELECTOR = YES;
				GCC_WARN_UNINITIALIZED_AUTOS = YES_AGGRESSIVE;
				GCC_WARN_UNUSED_FUNCTION = YES;
				GCC_WARN_UNUSED_VARIABLE = YES;
				IPHONEOS_DEPLOYMENT_TARGET = 15.0;
				MTL_ENABLE_DEBUG_INFO = INCLUDE_SOURCE;
				MTL_FAST_MATH = YES;
				ONLY_ACTIVE_ARCH = YES;
				SDKROOT = iphoneos;
				SWIFT_ACTIVE_COMPILATION_CONDITIONS = DEBUG;
				SWIFT_OPTIMIZATION_LEVEL = "-Onone";
			};
			name = Debug;
		};
		3F13F98127708DFF0002A5DF /* Release */ = {
			isa = XCBuildConfiguration;
			buildSettings = {
				ALWAYS_SEARCH_USER_PATHS = NO;
				CLANG_ANALYZER_NONNULL = YES;
				CLANG_ANALYZER_NUMBER_OBJECT_CONVERSION = YES_AGGRESSIVE;
				CLANG_CXX_LANGUAGE_STANDARD = "gnu++17";
				CLANG_CXX_LIBRARY = "libc++";
				CLANG_ENABLE_MODULES = YES;
				CLANG_ENABLE_OBJC_ARC = YES;
				CLANG_ENABLE_OBJC_WEAK = YES;
				CLANG_WARN_BLOCK_CAPTURE_AUTORELEASING = YES;
				CLANG_WARN_BOOL_CONVERSION = YES;
				CLANG_WARN_COMMA = YES;
				CLANG_WARN_CONSTANT_CONVERSION = YES;
				CLANG_WARN_DEPRECATED_OBJC_IMPLEMENTATIONS = YES;
				CLANG_WARN_DIRECT_OBJC_ISA_USAGE = YES_ERROR;
				CLANG_WARN_DOCUMENTATION_COMMENTS = YES;
				CLANG_WARN_EMPTY_BODY = YES;
				CLANG_WARN_ENUM_CONVERSION = YES;
				CLANG_WARN_INFINITE_RECURSION = YES;
				CLANG_WARN_INT_CONVERSION = YES;
				CLANG_WARN_NON_LITERAL_NULL_CONVERSION = YES;
				CLANG_WARN_OBJC_IMPLICIT_RETAIN_SELF = YES;
				CLANG_WARN_OBJC_LITERAL_CONVERSION = YES;
				CLANG_WARN_OBJC_ROOT_CLASS = YES_ERROR;
				CLANG_WARN_QUOTED_INCLUDE_IN_FRAMEWORK_HEADER = YES;
				CLANG_WARN_RANGE_LOOP_ANALYSIS = YES;
				CLANG_WARN_STRICT_PROTOTYPES = YES;
				CLANG_WARN_SUSPICIOUS_MOVE = YES;
				CLANG_WARN_UNGUARDED_AVAILABILITY = YES_AGGRESSIVE;
				CLANG_WARN_UNREACHABLE_CODE = YES;
				CLANG_WARN__DUPLICATE_METHOD_MATCH = YES;
				COPY_PHASE_STRIP = NO;
				DEBUG_INFORMATION_FORMAT = "dwarf-with-dsym";
				ENABLE_NS_ASSERTIONS = NO;
				ENABLE_STRICT_OBJC_MSGSEND = YES;
				GCC_C_LANGUAGE_STANDARD = gnu11;
				GCC_NO_COMMON_BLOCKS = YES;
				GCC_WARN_64_TO_32_BIT_CONVERSION = YES;
				GCC_WARN_ABOUT_RETURN_TYPE = YES_ERROR;
				GCC_WARN_UNDECLARED_SELECTOR = YES;
				GCC_WARN_UNINITIALIZED_AUTOS = YES_AGGRESSIVE;
				GCC_WARN_UNUSED_FUNCTION = YES;
				GCC_WARN_UNUSED_VARIABLE = YES;
				IPHONEOS_DEPLOYMENT_TARGET = 15.0;
				MTL_ENABLE_DEBUG_INFO = NO;
				MTL_FAST_MATH = YES;
				SDKROOT = iphoneos;
				SWIFT_COMPILATION_MODE = wholemodule;
				SWIFT_OPTIMIZATION_LEVEL = "-O";
				VALIDATE_PRODUCT = YES;
			};
			name = Release;
		};
		3F13F98327708DFF0002A5DF /* Debug */ = {
			isa = XCBuildConfiguration;
			buildSettings = {
				ASSETCATALOG_COMPILER_APPICON_NAME = AppIcon;
				ASSETCATALOG_COMPILER_GLOBAL_ACCENT_COLOR_NAME = AccentColor;
				CODE_SIGN_STYLE = Automatic;
				CURRENT_PROJECT_VERSION = 1;
				DEVELOPMENT_ASSET_PATHS = "\"VnutriNas/Preview Content\"";
				ENABLE_PREVIEWS = YES;
				GENERATE_INFOPLIST_FILE = YES;
				INFOPLIST_FILE = VnutriNas/Info.plist;
				INFOPLIST_KEY_UIApplicationSceneManifest_Generation = YES;
				INFOPLIST_KEY_UIApplicationSupportsIndirectInputEvents = YES;
				INFOPLIST_KEY_UILaunchScreen_Generation = YES;
				INFOPLIST_KEY_UILaunchStoryboardName = "Launch Screen";
				INFOPLIST_KEY_UISupportedInterfaceOrientations_iPad = "UIInterfaceOrientationPortrait UIInterfaceOrientationPortraitUpsideDown UIInterfaceOrientationLandscapeLeft UIInterfaceOrientationLandscapeRight";
				INFOPLIST_KEY_UISupportedInterfaceOrientations_iPhone = "UIInterfaceOrientationPortrait UIInterfaceOrientationLandscapeLeft UIInterfaceOrientationLandscapeRight";
				LD_RUNPATH_SEARCH_PATHS = (
					"$(inherited)",
					"@executable_path/Frameworks",
				);
				MARKETING_VERSION = 1.0;
				PRODUCT_BUNDLE_IDENTIFIER = kp11.VnutriNas;
				PRODUCT_NAME = "$(TARGET_NAME)";
				SWIFT_EMIT_LOC_STRINGS = YES;
				SWIFT_VERSION = 5.0;
				TARGETED_DEVICE_FAMILY = "1,2";
			};
			name = Debug;
		};
		3F13F98427708DFF0002A5DF /* Release */ = {
			isa = XCBuildConfiguration;
			buildSettings = {
				ASSETCATALOG_COMPILER_APPICON_NAME = AppIcon;
				ASSETCATALOG_COMPILER_GLOBAL_ACCENT_COLOR_NAME = AccentColor;
				CODE_SIGN_STYLE = Automatic;
				CURRENT_PROJECT_VERSION = 1;
				DEVELOPMENT_ASSET_PATHS = "\"VnutriNas/Preview Content\"";
				ENABLE_PREVIEWS = YES;
				GENERATE_INFOPLIST_FILE = YES;
				INFOPLIST_FILE = VnutriNas/Info.plist;
				INFOPLIST_KEY_UIApplicationSceneManifest_Generation = YES;
				INFOPLIST_KEY_UIApplicationSupportsIndirectInputEvents = YES;
				INFOPLIST_KEY_UILaunchScreen_Generation = YES;
				INFOPLIST_KEY_UILaunchStoryboardName = "Launch Screen";
				INFOPLIST_KEY_UISupportedInterfaceOrientations_iPad = "UIInterfaceOrientationPortrait UIInterfaceOrientationPortraitUpsideDown UIInterfaceOrientationLandscapeLeft UIInterfaceOrientationLandscapeRight";
				INFOPLIST_KEY_UISupportedInterfaceOrientations_iPhone = "UIInterfaceOrientationPortrait UIInterfaceOrientationLandscapeLeft UIInterfaceOrientationLandscapeRight";
				LD_RUNPATH_SEARCH_PATHS = (
					"$(inherited)",
					"@executable_path/Frameworks",
				);
				MARKETING_VERSION = 1.0;
				PRODUCT_BUNDLE_IDENTIFIER = kp11.VnutriNas;
				PRODUCT_NAME = "$(TARGET_NAME)";
				SWIFT_EMIT_LOC_STRINGS = YES;
				SWIFT_VERSION = 5.0;
				TARGETED_DEVICE_FAMILY = "1,2";
			};
			name = Release;
		};
/* End XCBuildConfiguration section */

/* Begin XCConfigurationList section */
		3F13F96F27708DFE0002A5DF /* Build configuration list for PBXProject "VnutriNas" */ = {
			isa = XCConfigurationList;
			buildConfigurations = (
				3F13F98027708DFF0002A5DF /* Debug */,
				3F13F98127708DFF0002A5DF /* Release */,
			);
			defaultConfigurationIsVisible = 0;
			defaultConfigurationName = Release;
		};
		3F13F98227708DFF0002A5DF /* Build configuration list for PBXNativeTarget "VnutriNas" */ = {
			isa = XCConfigurationList;
			buildConfigurations = (
				3F13F98327708DFF0002A5DF /* Debug */,
				3F13F98427708DFF0002A5DF /* Release */,
			);
			defaultConfigurationIsVisible = 0;
			defaultConfigurationName = Release;
		};
/* End XCConfigurationList section */
	};
	rootObject = 3F13F96C27708DFE0002A5DF /* Project object */;
}
